
Microsoft Visual Studio Solution File, Format Version 12.00
# Visual Studio for Mac
Project("{FAE04EC0-301F-11D3-BF4B-00C04F79EFBC}") = "PathFinding", "Assembly-CSharp.csproj", "{ED04DC06-2331-8A03-C348-D59CF084D6CD}"
EndProject
Project("{FAE04EC0-301F-11D3-BF4B-00C04F79EFBC}") = "PathFinding", "Assembly-CSharp-firstpass.csproj", "{87357D86-EFB6-2BD7-7679-A0C34FC22EBF}"
EndProject
Project("{FAE04EC0-301F-11D3-BF4B-00C04F79EFBC}") = "PathFinding", "Assembly-CSharp-Editor.csproj", "{AFB5226A-B85F-9772-623C-7AFEFF5DCDA9}"
EndProject
Project("{FAE04EC0-301F-11D3-BF4B-00C04F79EFBC}") = "PathFinding", "Assembly-CSharp-Editor-firstpass.csproj", "{9BDBA2A6-4D8E-BB14-1FB2-641E141E590F}"
EndProject
Global
	GlobalSection(SolutionConfigurationPlatforms) = preSolution
		Debug|Any CPU = Debug|Any CPU
		Release|Any CPU = Release|Any CPU
	EndGlobalSection
	GlobalSection(ProjectConfigurationPlatforms) = postSolution
		{ED04DC06-2331-8A03-C348-D59CF084D6CD}.Debug|Any CPU.ActiveCfg = Debug|Any CPU
		{ED04DC06-2331-8A03-C348-D59CF084D6CD}.Debug|Any CPU.Build.0 = Debug|Any CPU
		{ED04DC06-2331-8A03-C348-D59CF084D6CD}.Release|Any CPU.ActiveCfg = Release|Any CPU
		{ED04DC06-2331-8A03-C348-D59CF084D6CD}.Release|Any CPU.Build.0 = Release|Any CPU
		{87357D86-EFB6-2BD7-7679-A0C34FC22EBF}.Debug|Any CPU.ActiveCfg = Debug|Any CPU
		{87357D86-EFB6-2BD7-7679-A0C34FC22EBF}.Debug|Any CPU.Build.0 = Debug|Any CPU
		{87357D86-EFB6-2BD7-7679-A0C34FC22EBF}.Release|Any CPU.ActiveCfg = Release|Any CPU
		{87357D86-EFB6-2BD7-7679-A0C34FC22EBF}.Release|Any CPU.Build.0 = Release|Any CPU
		{AFB5226A-B85F-9772-623C-7AFEFF5DCDA9}.Debug|Any CPU.ActiveCfg = Debug|Any CPU
		{AFB5226A-B85F-9772-623C-7AFEFF5DCDA9}.Debug|Any CPU.Build.0 = Debug|Any CPU
		{AFB5226A-B85F-9772-623C-7AFEFF5DCDA9}.Release|Any CPU.ActiveCfg = Release|Any CPU
		{AFB5226A-B85F-9772-623C-7AFEFF5DCDA9}.Release|Any CPU.Build.0 = Release|Any CPU
		{9BDBA2A6-4D8E-BB14-1FB2-641E141E590F}.Debug|Any CPU.ActiveCfg = Debug|Any CPU
		{9BDBA2A6-4D8E-BB14-1FB2-641E141E590F}.Debug|Any CPU.Build.0 = Debug|Any CPU
		{9BDBA2A6-4D8E-BB14-1FB2-641E141E590F}.Release|Any CPU.ActiveCfg = Release|Any CPU
		{9BDBA2A6-4D8E-BB14-1FB2-641E141E590F}.Release|Any CPU.Build.0 = Release|Any CPU
	EndGlobalSection
	GlobalSection(SolutionProperties) = preSolution
		HideSolutionNode = FALSE
	EndGlobalSection
EndGlobal
