
Microsoft Visual Studio Solution File, Format Version 12.00
# Visual Studio 2012
Project("{FAE04EC0-301F-11D3-BF4B-00C04F79EFBC}") = "Blocks", "Blocks.csproj", "{C7FD7591-D41C-4D59-9C58-A78AFCD6B46C}"
EndProject
Global
	GlobalSection(SolutionConfigurationPlatforms) = preSolution
		Debug|Any CPU = Debug|Any CPU
		Release|Any CPU = Release|Any CPU
	EndGlobalSection
	GlobalSection(ProjectConfigurationPlatforms) = postSolution
		{C7FD7591-D41C-4D59-9C58-A78AFCD6B46C}.Debug|Any CPU.ActiveCfg = Debug|Any CPU
		{C7FD7591-D41C-4D59-9C58-A78AFCD6B46C}.Debug|Any CPU.Build.0 = Debug|Any CPU
		{C7FD7591-D41C-4D59-9C58-A78AFCD6B46C}.Release|Any CPU.ActiveCfg = Release|Any CPU
		{C7FD7591-D41C-4D59-9C58-A78AFCD6B46C}.Release|Any CPU.Build.0 = Release|Any CPU
	EndGlobalSection
EndGlobal
